
Microsoft Visual Studio Solution File, Format Version 12.00
# Visual Studio Version 17
VisualStudioVersion = 17.14.36109.1
MinimumVisualStudioVersion = 10.0.40219.1
Project("{FAE04EC0-301F-11D3-BF4B-00C04F79EFBC}") = "testingWinApp1", "testingWinApp1.csproj", "{F3EE25F3-A18D-4698-BDB9-2577BB009975}"
EndProject
Project("{FAE04EC0-301F-11D3-BF4B-00C04F79EFBC}") = "TestProject", "..\TestProject\TestProject.csproj", "{4A229CCE-1EC0-4533-996C-8121DDB77ED2}"
EndProject
Global
	GlobalSection(SolutionConfigurationPlatforms) = preSolution
		Debug|Any CPU = Debug|Any CPU
		Release|Any CPU = Release|Any CPU
	EndGlobalSection
	GlobalSection(ProjectConfigurationPlatforms) = postSolution
		{F3EE25F3-A18D-4698-BDB9-2577BB009975}.Debug|Any CPU.ActiveCfg = Debug|Any CPU
		{F3EE25F3-A18D-4698-BDB9-2577BB009975}.Debug|Any CPU.Build.0 = Debug|Any CPU
		{F3EE25F3-A18D-4698-BDB9-2577BB009975}.Release|Any CPU.ActiveCfg = Release|Any CPU
		{F3EE25F3-A18D-4698-BDB9-2577BB009975}.Release|Any CPU.Build.0 = Release|Any CPU
		{4A229CCE-1EC0-4533-996C-8121DDB77ED2}.Debug|Any CPU.ActiveCfg = Debug|Any CPU
		{4A229CCE-1EC0-4533-996C-8121DDB77ED2}.Debug|Any CPU.Build.0 = Debug|Any CPU
		{4A229CCE-1EC0-4533-996C-8121DDB77ED2}.Release|Any CPU.ActiveCfg = Release|Any CPU
		{4A229CCE-1EC0-4533-996C-8121DDB77ED2}.Release|Any CPU.Build.0 = Release|Any CPU
	EndGlobalSection
	GlobalSection(SolutionProperties) = preSolution
		HideSolutionNode = FALSE
	EndGlobalSection
	GlobalSection(ExtensibilityGlobals) = postSolution
		SolutionGuid = {71FF90F9-70C8-4197-A1A0-B01A5E8EC09C}
	EndGlobalSection
EndGlobal
